
Microsoft Visual Studio Solution File, Format Version 12.00
# Visual Studio Version 17
VisualStudioVersion = 17.14.36603.0 d17.14
MinimumVisualStudioVersion = 10.0.40219.1
Project("{FAE04EC0-301F-11D3-BF4B-00C04F79EFBC}") = "DataPrepper", "DataPrepper.csproj", "{2795422F-22EA-4D32-84A2-D99D8C6B1524}"
EndProject
Global
	GlobalSection(SolutionConfigurationPlatforms) = preSolution
		Debug|Any CPU = Debug|Any CPU
		Release|Any CPU = Release|Any CPU
	EndGlobalSection
	GlobalSection(ProjectConfigurationPlatforms) = postSolution
		{2795422F-22EA-4D32-84A2-D99D8C6B1524}.Debug|Any CPU.ActiveCfg = Debug|Any CPU
		{2795422F-22EA-4D32-84A2-D99D8C6B1524}.Debug|Any CPU.Build.0 = Debug|Any CPU
		{2795422F-22EA-4D32-84A2-D99D8C6B1524}.Release|Any CPU.ActiveCfg = Release|Any CPU
		{2795422F-22EA-4D32-84A2-D99D8C6B1524}.Release|Any CPU.Build.0 = Release|Any CPU
	EndGlobalSection
	GlobalSection(SolutionProperties) = preSolution
		HideSolutionNode = FALSE
	EndGlobalSection
	GlobalSection(ExtensibilityGlobals) = postSolution
		SolutionGuid = {019D44C3-F397-423C-8CF8-508471501A27}
	EndGlobalSection
EndGlobal
